
Microsoft Visual Studio Solution File, Format Version 12.00
# Visual Studio 15
VisualStudioVersion = 15.0.26606.0
MinimumVisualStudioVersion = 10.0.40219.1
Project("{FAE04EC0-301F-11D3-BF4B-00C04F79EFBC}") = "Pragmatismo.Io.Framework", "Pragmatismo.Io.Framework.csproj", "{C0FA1118-2E36-4F0C-8BE7-393371214AEE}"
EndProject
Global
	GlobalSection(SolutionConfigurationPlatforms) = preSolution
		Debug|Any CPU = Debug|Any CPU
		Release|Any CPU = Release|Any CPU
	EndGlobalSection
	GlobalSection(ProjectConfigurationPlatforms) = postSolution
		{C0FA1118-2E36-4F0C-8BE7-393371214AEE}.Debug|Any CPU.ActiveCfg = Debug|Any CPU
		{C0FA1118-2E36-4F0C-8BE7-393371214AEE}.Debug|Any CPU.Build.0 = Debug|Any CPU
		{C0FA1118-2E36-4F0C-8BE7-393371214AEE}.Release|Any CPU.ActiveCfg = Release|Any CPU
		{C0FA1118-2E36-4F0C-8BE7-393371214AEE}.Release|Any CPU.Build.0 = Release|Any CPU
	EndGlobalSection
	GlobalSection(SolutionProperties) = preSolution
		HideSolutionNode = FALSE
	EndGlobalSection
EndGlobal
